schema: '2.0'
stages:
  data_ingestion:
    cmd: python src/data_ingestion.py
    deps:
    - path: src/data_ingestion.py
      hash: md5
      md5: c927af82cf04bcccab73807f09c34163
      size: 2814
    outs:
    - path: data/raw
      hash: md5
      md5: 665ece255107437a4dfc21cfeeae2bf6.dir
      size: 484846
      nfiles: 2
  data_preprocessing:
    cmd: python src/data_preprocessing.py
    deps:
    - path: data/raw
      hash: md5
      md5: 665ece255107437a4dfc21cfeeae2bf6.dir
      size: 484846
      nfiles: 2
    - path: src/data_preprocessing.py
      hash: md5
      md5: 9357f5f68b588de44e62bef670d65b60
      size: 4550
    outs:
    - path: data/interim
      hash: md5
      md5: 7892e79c03f4ffdb09e59463c2dd9bc8.dir
      size: 261185
      nfiles: 2
  feature_engineering:
    cmd: python src/feature_engineering.py
    deps:
    - path: data/interim
      hash: md5
      md5: 7892e79c03f4ffdb09e59463c2dd9bc8.dir
      size: 261185
      nfiles: 2
    - path: src/feature_engineering.py
      hash: md5
      md5: 14da4a6364024e08cd567c3a8744399a
      size: 3176
    outs:
    - path: data/processed
      hash: md5
      md5: 6add62eedbadb76a93daa64bcdf28176.dir
      size: 952442
      nfiles: 2
  model_building:
    cmd: python src/model_building.py
    deps:
    - path: data/processed
      hash: md5
      md5: 6add62eedbadb76a93daa64bcdf28176.dir
      size: 952442
      nfiles: 2
    - path: src/model_building.py
      hash: md5
      md5: e0eba2aadcb3d25f6c974a8f2f955599
      size: 2997
    outs:
    - path: models/model.pkl
      hash: md5
      md5: 200255fc699d09aed7782c4993b1f416
      size: 1773029
  model_evaluation:
    cmd: python src/model_evaluation.py
    deps:
    - path: models/model.pkl
      hash: md5
      md5: 200255fc699d09aed7782c4993b1f416
      size: 1773029
    - path: src/model_evaluation.py
      hash: md5
      md5: 44112d018dece3f8cce57568370b6a7b
      size: 3612
    outs:
    - path: models/reports/metrics.json
      hash: md5
      md5: ac3fa858076ec6e4831f09620b6daf18
      size: 121
