schema: '2.0'
stages:
  data_ingestion:
    cmd: python src/data_ingestion.py
    deps:
    - path: src/data_ingestion.py
      hash: md5
      md5: eee9bf7694f15346b304a16b3f11847f
      size: 2978
    params:
      params.yaml:
        data_ingestion.test_size: 0.15
    outs:
    - path: data/raw
      hash: md5
      md5: cc2af83a3f0bd5779f711844feb9459d.dir
      size: 484846
      nfiles: 2
  data_preprocessing:
    cmd: python src/data_preprocessing.py
    deps:
    - path: data/raw
      hash: md5
      md5: cc2af83a3f0bd5779f711844feb9459d.dir
      size: 484846
      nfiles: 2
    - path: src/data_preprocessing.py
      hash: md5
      md5: 9357f5f68b588de44e62bef670d65b60
      size: 4550
    outs:
    - path: data/interim
      hash: md5
      md5: 84e7f6aa4a427439f0022e4f8f607928.dir
      size: 259709
      nfiles: 2
  feature_engineering:
    cmd: python src/feature_engineering.py
    deps:
    - path: data/interim
      hash: md5
      md5: 84e7f6aa4a427439f0022e4f8f607928.dir
      size: 259709
      nfiles: 2
    - path: src/feature_engineering.py
      hash: md5
      md5: dec01d42193c3c464f81ab8d1ecdbc39
      size: 3349
    params:
      params.yaml:
        feature_engineering.max_features: 45
    outs:
    - path: data/processed
      hash: md5
      md5: e4403b138f651fbf34775e759c90f715.dir
      size: 1062849
      nfiles: 2
  model_building:
    cmd: python src/model_building.py
    deps:
    - path: data/processed
      hash: md5
      md5: e4403b138f651fbf34775e759c90f715.dir
      size: 1062849
      nfiles: 2
    - path: src/model_building.py
      hash: md5
      md5: b8b7a0762d2fad3ac67fd28dd927c999
      size: 3206
    params:
      params.yaml:
        model_building.n_estimators: 30
        model_building.random_state: 24
    outs:
    - path: models/model.pkl
      hash: md5
      md5: 738bd502c1cc2f28dd5e0d777ddd7a48
      size: 1206039
  model_evaluation:
    cmd: python src/model_evaluation.py
    deps:
    - path: models/model.pkl
      hash: md5
      md5: 738bd502c1cc2f28dd5e0d777ddd7a48
      size: 1206039
    - path: src/model_evaluation.py
      hash: md5
      md5: 44112d018dece3f8cce57568370b6a7b
      size: 3612
    outs:
    - path: models/reports/metrics.json
      hash: md5
      md5: b4c8484b68a3c24a1a0c2962b3617920
      size: 122
